// !$*UTF8*$!
{
	archiveVersion = 1;
	classes = {
	};
	objectVersion = 46;
	objects = {

/* Begin PBXBuildFile section */
		B5288FFC1BAF5C23006198EF /* main.cpp in Sources */ = {isa = PBXBuildFile; fileRef = B5288FF81BAF5C23006198EF /* main.cpp */; };
		B52890071BAF5D4E006198EF /* io.cpp in Sources */ = {isa = PBXBuildFile; fileRef = B52890021BAF5D4E006198EF /* io.cpp */; };
		B528900D1BAF5DD4006198EF /* EasyBMP.cpp in Sources */ = {isa = PBXBuildFile; fileRef = B528900C1BAF5DD4006198EF /* EasyBMP.cpp */; };
		B528900F1BB4ADB7006198EF /* main_copy.cpp in Sources */ = {isa = PBXBuildFile; fileRef = B528900E1BB4ADB7006198EF /* main_copy.cpp */; };
/* End PBXBuildFile section */

/* Begin PBXCopyFilesBuildPhase section */
		B5288FEC1BAF5BBB006198EF /* CopyFiles */ = {
			isa = PBXCopyFilesBuildPhase;
			buildActionMask = 2147483647;
			dstPath = /usr/share/man/man1/;
			dstSubfolderSpec = 0;
			files = (
			);
			runOnlyForDeploymentPostprocessing = 1;
		};
/* End PBXCopyFilesBuildPhase section */

/* Begin PBXFileReference section */
		B5288FEE1BAF5BBB006198EF /* cogwheel_project */ = {isa = PBXFileReference; explicitFileType = "compiled.mach-o.executable"; includeInIndex = 0; path = cogwheel_project; sourceTree = BUILT_PRODUCTS_DIR; };
		B5288FF81BAF5C23006198EF /* main.cpp */ = {isa = PBXFileReference; fileEncoding = 4; lastKnownFileType = sourcecode.cpp.cpp; path = main.cpp; sourceTree = "<group>"; };
		B52890021BAF5D4E006198EF /* io.cpp */ = {isa = PBXFileReference; fileEncoding = 4; lastKnownFileType = sourcecode.cpp.cpp; path = io.cpp; sourceTree = "<group>"; };
		B52890031BAF5D4E006198EF /* MyObject.h */ = {isa = PBXFileReference; fileEncoding = 4; lastKnownFileType = sourcecode.c.h; path = MyObject.h; sourceTree = "<group>"; };
		B52890041BAF5D4E006198EF /* io.h */ = {isa = PBXFileReference; fileEncoding = 4; lastKnownFileType = sourcecode.c.h; path = io.h; sourceTree = "<group>"; };
		B52890051BAF5D4E006198EF /* matrix.h */ = {isa = PBXFileReference; fileEncoding = 4; lastKnownFileType = sourcecode.c.h; path = matrix.h; sourceTree = "<group>"; };
		B52890061BAF5D4E006198EF /* matrix.hpp */ = {isa = PBXFileReference; fileEncoding = 4; lastKnownFileType = sourcecode.cpp.h; path = matrix.hpp; sourceTree = "<group>"; };
		B52890081BAF5D7B006198EF /* EasyBMP.h */ = {isa = PBXFileReference; fileEncoding = 4; lastKnownFileType = sourcecode.c.h; path = EasyBMP.h; sourceTree = "<group>"; };
		B52890091BAF5DD4006198EF /* EasyBMP_BMP.h */ = {isa = PBXFileReference; fileEncoding = 4; lastKnownFileType = sourcecode.c.h; path = EasyBMP_BMP.h; sourceTree = "<group>"; };
		B528900A1BAF5DD4006198EF /* EasyBMP_DataStructures.h */ = {isa = PBXFileReference; fileEncoding = 4; lastKnownFileType = sourcecode.c.h; path = EasyBMP_DataStructures.h; sourceTree = "<group>"; };
		B528900B1BAF5DD4006198EF /* EasyBMP_VariousBMPutilities.h */ = {isa = PBXFileReference; fileEncoding = 4; lastKnownFileType = sourcecode.c.h; path = EasyBMP_VariousBMPutilities.h; sourceTree = "<group>"; };
		B528900C1BAF5DD4006198EF /* EasyBMP.cpp */ = {isa = PBXFileReference; fileEncoding = 4; lastKnownFileType = sourcecode.cpp.cpp; path = EasyBMP.cpp; sourceTree = "<group>"; };
		B528900E1BB4ADB7006198EF /* main_copy.cpp */ = {isa = PBXFileReference; fileEncoding = 4; lastKnownFileType = sourcecode.cpp.cpp; path = main_copy.cpp; sourceTree = "<group>"; };
/* End PBXFileReference section */

/* Begin PBXFrameworksBuildPhase section */
		B5288FEB1BAF5BBB006198EF /* Frameworks */ = {
			isa = PBXFrameworksBuildPhase;
			buildActionMask = 2147483647;
			files = (
			);
			runOnlyForDeploymentPostprocessing = 0;
		};
/* End PBXFrameworksBuildPhase section */

/* Begin PBXGroup section */
		B5288FE51BAF5BBB006198EF = {
			isa = PBXGroup;
			children = (
				B5288FF01BAF5BBB006198EF /* cogwheel_project */,
				B5288FEF1BAF5BBB006198EF /* Products */,
			);
			sourceTree = "<group>";
		};
		B5288FEF1BAF5BBB006198EF /* Products */ = {
			isa = PBXGroup;
			children = (
				B5288FEE1BAF5BBB006198EF /* cogwheel_project */,
			);
			name = Products;
			sourceTree = "<group>";
		};
		B5288FF01BAF5BBB006198EF /* cogwheel_project */ = {
			isa = PBXGroup;
			children = (
				B5288FF81BAF5C23006198EF /* main.cpp */,
				B52890091BAF5DD4006198EF /* EasyBMP_BMP.h */,
				B528900A1BAF5DD4006198EF /* EasyBMP_DataStructures.h */,
				B528900B1BAF5DD4006198EF /* EasyBMP_VariousBMPutilities.h */,
				B528900C1BAF5DD4006198EF /* EasyBMP.cpp */,
				B52890081BAF5D7B006198EF /* EasyBMP.h */,
				B52890021BAF5D4E006198EF /* io.cpp */,
				B52890031BAF5D4E006198EF /* MyObject.h */,
				B52890041BAF5D4E006198EF /* io.h */,
				B52890051BAF5D4E006198EF /* matrix.h */,
				B52890061BAF5D4E006198EF /* matrix.hpp */,
				B528900E1BB4ADB7006198EF /* main_copy.cpp */,
			);
			path = cogwheel_project;
			sourceTree = "<group>";
		};
/* End PBXGroup section */

/* Begin PBXNativeTarget section */
		B5288FED1BAF5BBB006198EF /* cogwheel_project */ = {
			isa = PBXNativeTarget;
			buildConfigurationList = B5288FF51BAF5BBB006198EF /* Build configuration list for PBXNativeTarget "cogwheel_project" */;
			buildPhases = (
				B5288FEA1BAF5BBB006198EF /* Sources */,
				B5288FEB1BAF5BBB006198EF /* Frameworks */,
				B5288FEC1BAF5BBB006198EF /* CopyFiles */,
			);
			buildRules = (
			);
			dependencies = (
			);
			name = cogwheel_project;
			productName = cogwheel_project;
			productReference = B5288FEE1BAF5BBB006198EF /* cogwheel_project */;
			productType = "com.apple.product-type.tool";
		};
/* End PBXNativeTarget section */

/* Begin PBXProject section */
		B5288FE61BAF5BBB006198EF /* Project object */ = {
			isa = PBXProject;
			attributes = {
				LastUpgradeCheck = 0710;
				ORGANIZATIONNAME = "Максим";
				TargetAttributes = {
					B5288FED1BAF5BBB006198EF = {
						CreatedOnToolsVersion = 7.1;
					};
				};
			};
			buildConfigurationList = B5288FE91BAF5BBB006198EF /* Build configuration list for PBXProject "cogwheel_project" */;
			compatibilityVersion = "Xcode 3.2";
			developmentRegion = English;
			hasScannedForEncodings = 0;
			knownRegions = (
				en,
			);
			mainGroup = B5288FE51BAF5BBB006198EF;
			productRefGroup = B5288FEF1BAF5BBB006198EF /* Products */;
			projectDirPath = "";
			projectRoot = "";
			targets = (
				B5288FED1BAF5BBB006198EF /* cogwheel_project */,
			);
		};
/* End PBXProject section */

/* Begin PBXSourcesBuildPhase section */
		B5288FEA1BAF5BBB006198EF /* Sources */ = {
			isa = PBXSourcesBuildPhase;
			buildActionMask = 2147483647;
			files = (
				B528900D1BAF5DD4006198EF /* EasyBMP.cpp in Sources */,
				B528900F1BB4ADB7006198EF /* main_copy.cpp in Sources */,
				B5288FFC1BAF5C23006198EF /* main.cpp in Sources */,
				B52890071BAF5D4E006198EF /* io.cpp in Sources */,
			);
			runOnlyForDeploymentPostprocessing = 0;
		};
/* End PBXSourcesBuildPhase section */

/* Begin XCBuildConfiguration section */
		B5288FF31BAF5BBB006198EF /* Debug */ = {
			isa = XCBuildConfiguration;
			buildSettings = {
				ALWAYS_SEARCH_USER_PATHS = NO;
				CLANG_CXX_LANGUAGE_STANDARD = "gnu++0x";
				CLANG_CXX_LIBRARY = "libc++";
				CLANG_ENABLE_MODULES = YES;
				CLANG_ENABLE_OBJC_ARC = YES;
				CLANG_WARN_BOOL_CONVERSION = YES;
				CLANG_WARN_CONSTANT_CONVERSION = YES;
				CLANG_WARN_DIRECT_OBJC_ISA_USAGE = YES_ERROR;
				CLANG_WARN_EMPTY_BODY = YES;
				CLANG_WARN_ENUM_CONVERSION = YES;
				CLANG_WARN_INT_CONVERSION = YES;
				CLANG_WARN_OBJC_ROOT_CLASS = YES_ERROR;
				CLANG_WARN_UNREACHABLE_CODE = YES;
				CLANG_WARN__DUPLICATE_METHOD_MATCH = YES;
				CODE_SIGN_IDENTITY = "-";
				COPY_PHASE_STRIP = NO;
				DEBUG_INFORMATION_FORMAT = dwarf;
				ENABLE_STRICT_OBJC_MSGSEND = YES;
				ENABLE_TESTABILITY = YES;
				GCC_C_LANGUAGE_STANDARD = gnu99;
				GCC_DYNAMIC_NO_PIC = NO;
				GCC_NO_COMMON_BLOCKS = YES;
				GCC_OPTIMIZATION_LEVEL = 0;
				GCC_PREPROCESSOR_DEFINITIONS = (
					"DEBUG=1",
					"$(inherited)",
				);
				GCC_WARN_64_TO_32_BIT_CONVERSION = YES;
				GCC_WARN_ABOUT_RETURN_TYPE = YES_ERROR;
				GCC_WARN_UNDECLARED_SELECTOR = YES;
				GCC_WARN_UNINITIALIZED_AUTOS = YES_AGGRESSIVE;
				GCC_WARN_UNUSED_FUNCTION = YES;
				GCC_WARN_UNUSED_VARIABLE = YES;
				MACOSX_DEPLOYMENT_TARGET = 10.10;
				MTL_ENABLE_DEBUG_INFO = YES;
				ONLY_ACTIVE_ARCH = YES;
				SDKROOT = macosx;
			};
			name = Debug;
		};
		B5288FF41BAF5BBB006198EF /* Release */ = {
			isa = XCBuildConfiguration;
			buildSettings = {
				ALWAYS_SEARCH_USER_PATHS = NO;
				CLANG_CXX_LANGUAGE_STANDARD = "gnu++0x";
				CLANG_CXX_LIBRARY = "libc++";
				CLANG_ENABLE_MODULES = YES;
				CLANG_ENABLE_OBJC_ARC = YES;
				CLANG_WARN_BOOL_CONVERSION = YES;
				CLANG_WARN_CONSTANT_CONVERSION = YES;
				CLANG_WARN_DIRECT_OBJC_ISA_USAGE = YES_ERROR;
				CLANG_WARN_EMPTY_BODY = YES;
				CLANG_WARN_ENUM_CONVERSION = YES;
				CLANG_WARN_INT_CONVERSION = YES;
				CLANG_WARN_OBJC_ROOT_CLASS = YES_ERROR;
				CLANG_WARN_UNREACHABLE_CODE = YES;
				CLANG_WARN__DUPLICATE_METHOD_MATCH = YES;
				CODE_SIGN_IDENTITY = "-";
				COPY_PHASE_STRIP = NO;
				DEBUG_INFORMATION_FORMAT = "dwarf-with-dsym";
				ENABLE_NS_ASSERTIONS = NO;
				ENABLE_STRICT_OBJC_MSGSEND = YES;
				GCC_C_LANGUAGE_STANDARD = gnu99;
				GCC_NO_COMMON_BLOCKS = YES;
				GCC_WARN_64_TO_32_BIT_CONVERSION = YES;
				GCC_WARN_ABOUT_RETURN_TYPE = YES_ERROR;
				GCC_WARN_UNDECLARED_SELECTOR = YES;
				GCC_WARN_UNINITIALIZED_AUTOS = YES_AGGRESSIVE;
				GCC_WARN_UNUSED_FUNCTION = YES;
				GCC_WARN_UNUSED_VARIABLE = YES;
				MACOSX_DEPLOYMENT_TARGET = 10.10;
				MTL_ENABLE_DEBUG_INFO = NO;
				SDKROOT = macosx;
			};
			name = Release;
		};
		B5288FF61BAF5BBB006198EF /* Debug */ = {
			isa = XCBuildConfiguration;
			buildSettings = {
				PRODUCT_NAME = "$(TARGET_NAME)";
			};
			name = Debug;
		};
		B5288FF71BAF5BBB006198EF /* Release */ = {
			isa = XCBuildConfiguration;
			buildSettings = {
				PRODUCT_NAME = "$(TARGET_NAME)";
			};
			name = Release;
		};
/* End XCBuildConfiguration section */

/* Begin XCConfigurationList section */
		B5288FE91BAF5BBB006198EF /* Build configuration list for PBXProject "cogwheel_project" */ = {
			isa = XCConfigurationList;
			buildConfigurations = (
				B5288FF31BAF5BBB006198EF /* Debug */,
				B5288FF41BAF5BBB006198EF /* Release */,
			);
			defaultConfigurationIsVisible = 0;
			defaultConfigurationName = Release;
		};
		B5288FF51BAF5BBB006198EF /* Build configuration list for PBXNativeTarget "cogwheel_project" */ = {
			isa = XCConfigurationList;
			buildConfigurations = (
				B5288FF61BAF5BBB006198EF /* Debug */,
				B5288FF71BAF5BBB006198EF /* Release */,
			);
			defaultConfigurationIsVisible = 0;
		};
/* End XCConfigurationList section */
	};
	rootObject = B5288FE61BAF5BBB006198EF /* Project object */;
}
